
Microsoft Visual Studio Solution File, Format Version 12.00
# Visual Studio 15
VisualStudioVersion = 15.0.27130.2024
MinimumVisualStudioVersion = 10.0.40219.1
Project("{FAE04EC0-301F-11D3-BF4B-00C04F79EFBC}") = "K1_502_pavyzdinis", "K1_502_pavyzdinis.csproj", "{D6754E40-BF4A-46D3-87CB-B26F2641A81E}"
EndProject
Global
	GlobalSection(SolutionConfigurationPlatforms) = preSolution
		Debug|Any CPU = Debug|Any CPU
		Release|Any CPU = Release|Any CPU
	EndGlobalSection
	GlobalSection(ProjectConfigurationPlatforms) = postSolution
		{D6754E40-BF4A-46D3-87CB-B26F2641A81E}.Debug|Any CPU.ActiveCfg = Debug|Any CPU
		{D6754E40-BF4A-46D3-87CB-B26F2641A81E}.Debug|Any CPU.Build.0 = Debug|Any CPU
		{D6754E40-BF4A-46D3-87CB-B26F2641A81E}.Release|Any CPU.ActiveCfg = Release|Any CPU
		{D6754E40-BF4A-46D3-87CB-B26F2641A81E}.Release|Any CPU.Build.0 = Release|Any CPU
	EndGlobalSection
	GlobalSection(SolutionProperties) = preSolution
		HideSolutionNode = FALSE
	EndGlobalSection
	GlobalSection(ExtensibilityGlobals) = postSolution
		SolutionGuid = {D0C6F573-AEAC-4504-AA5E-2CC1F4031852}
	EndGlobalSection
EndGlobal
