
Microsoft Visual Studio Solution File, Format Version 12.00
# Visual Studio 15
VisualStudioVersion = 15.0.28307.329
MinimumVisualStudioVersion = 10.0.40219.1
Project("{FAE04EC0-301F-11D3-BF4B-00C04F79EFBC}") = "Testas", "Testas\Testas.csproj", "{94154B29-D639-44C6-AED2-590206257EF1}"
EndProject
Global
	GlobalSection(SolutionConfigurationPlatforms) = preSolution
		Debug|Any CPU = Debug|Any CPU
		Release|Any CPU = Release|Any CPU
	EndGlobalSection
	GlobalSection(ProjectConfigurationPlatforms) = postSolution
		{94154B29-D639-44C6-AED2-590206257EF1}.Debug|Any CPU.ActiveCfg = Debug|Any CPU
		{94154B29-D639-44C6-AED2-590206257EF1}.Debug|Any CPU.Build.0 = Debug|Any CPU
		{94154B29-D639-44C6-AED2-590206257EF1}.Release|Any CPU.ActiveCfg = Release|Any CPU
		{94154B29-D639-44C6-AED2-590206257EF1}.Release|Any CPU.Build.0 = Release|Any CPU
	EndGlobalSection
	GlobalSection(SolutionProperties) = preSolution
		HideSolutionNode = FALSE
	EndGlobalSection
	GlobalSection(ExtensibilityGlobals) = postSolution
		SolutionGuid = {83706B42-C606-4E4F-82E9-93FAA2108060}
	EndGlobalSection
EndGlobal
