
Microsoft Visual Studio Solution File, Format Version 12.00
# Visual Studio Express 2012 for Windows Desktop
Project("{FAE04EC0-301F-11D3-BF4B-00C04F79EFBC}") = "Klausimas1", "Klausimas1.csproj", "{40782525-51C2-47E7-B810-17A232F21252}"
EndProject
Global
	GlobalSection(SolutionConfigurationPlatforms) = preSolution
		Debug|Any CPU = Debug|Any CPU
		Release|Any CPU = Release|Any CPU
	EndGlobalSection
	GlobalSection(ProjectConfigurationPlatforms) = postSolution
		{40782525-51C2-47E7-B810-17A232F21252}.Debug|Any CPU.ActiveCfg = Debug|Any CPU
		{40782525-51C2-47E7-B810-17A232F21252}.Debug|Any CPU.Build.0 = Debug|Any CPU
		{40782525-51C2-47E7-B810-17A232F21252}.Release|Any CPU.ActiveCfg = Release|Any CPU
		{40782525-51C2-47E7-B810-17A232F21252}.Release|Any CPU.Build.0 = Release|Any CPU
	EndGlobalSection
	GlobalSection(SolutionProperties) = preSolution
		HideSolutionNode = FALSE
	EndGlobalSection
EndGlobal
