
Microsoft Visual Studio Solution File, Format Version 12.00
# Visual Studio 14
VisualStudioVersion = 14.0.25420.1
MinimumVisualStudioVersion = 10.0.40219.1
Project("{FAE04EC0-301F-11D3-BF4B-00C04F79EFBC}") = "Simboliai", "Simboliai.csproj", "{4B56CCA7-ED6F-41A9-981C-2160BAC85B45}"
EndProject
Project("{FAE04EC0-301F-11D3-BF4B-00C04F79EFBC}") = "MatematikaFunkcjos", "..\ConsoleApplication1\MatematikaFunkcjos.csproj", "{E801CCA7-4323-41B8-BED3-E3E4E88FBC00}"
EndProject
Project("{FAE04EC0-301F-11D3-BF4B-00C04F79EFBC}") = "SavarDarbas3", "..\SavarDarbas3\SavarDarbas3.csproj", "{FB4B6394-C216-4ED3-ACC1-722E5F442539}"
EndProject
Project("{FAE04EC0-301F-11D3-BF4B-00C04F79EFBC}") = "MatematikaSuFunkcijomis", "MatematikaSuFunkcijomis\MatematikaSuFunkcijomis.csproj", "{B235FD8B-71F3-4460-97BD-46A66255B77D}"
EndProject
Global
	GlobalSection(SolutionConfigurationPlatforms) = preSolution
		Debug|Any CPU = Debug|Any CPU
		Release|Any CPU = Release|Any CPU
	EndGlobalSection
	GlobalSection(ProjectConfigurationPlatforms) = postSolution
		{4B56CCA7-ED6F-41A9-981C-2160BAC85B45}.Debug|Any CPU.ActiveCfg = Debug|Any CPU
		{4B56CCA7-ED6F-41A9-981C-2160BAC85B45}.Debug|Any CPU.Build.0 = Debug|Any CPU
		{4B56CCA7-ED6F-41A9-981C-2160BAC85B45}.Release|Any CPU.ActiveCfg = Release|Any CPU
		{4B56CCA7-ED6F-41A9-981C-2160BAC85B45}.Release|Any CPU.Build.0 = Release|Any CPU
		{E801CCA7-4323-41B8-BED3-E3E4E88FBC00}.Debug|Any CPU.ActiveCfg = Debug|Any CPU
		{E801CCA7-4323-41B8-BED3-E3E4E88FBC00}.Debug|Any CPU.Build.0 = Debug|Any CPU
		{E801CCA7-4323-41B8-BED3-E3E4E88FBC00}.Release|Any CPU.ActiveCfg = Release|Any CPU
		{E801CCA7-4323-41B8-BED3-E3E4E88FBC00}.Release|Any CPU.Build.0 = Release|Any CPU
		{FB4B6394-C216-4ED3-ACC1-722E5F442539}.Debug|Any CPU.ActiveCfg = Debug|Any CPU
		{FB4B6394-C216-4ED3-ACC1-722E5F442539}.Debug|Any CPU.Build.0 = Debug|Any CPU
		{FB4B6394-C216-4ED3-ACC1-722E5F442539}.Release|Any CPU.ActiveCfg = Release|Any CPU
		{FB4B6394-C216-4ED3-ACC1-722E5F442539}.Release|Any CPU.Build.0 = Release|Any CPU
		{B235FD8B-71F3-4460-97BD-46A66255B77D}.Debug|Any CPU.ActiveCfg = Debug|Any CPU
		{B235FD8B-71F3-4460-97BD-46A66255B77D}.Debug|Any CPU.Build.0 = Debug|Any CPU
		{B235FD8B-71F3-4460-97BD-46A66255B77D}.Release|Any CPU.ActiveCfg = Release|Any CPU
		{B235FD8B-71F3-4460-97BD-46A66255B77D}.Release|Any CPU.Build.0 = Release|Any CPU
	EndGlobalSection
	GlobalSection(SolutionProperties) = preSolution
		HideSolutionNode = FALSE
	EndGlobalSection
EndGlobal
